{
    "requires": true,
    "lockfileVersion": 1,
    "dependencies": {
        "vuetify": {
            "version": "1.3.12",
            "resolved": "https://registry.npmjs.org/vuetify/-/vuetify-1.3.12.tgz",
            "integrity": "sha512-CJccj0EQcda6Hj5p4P0SKsaN5rkNj5HkZOGkXJOl6v+NJRM2tibrbNtFIGlEBMl+b2j8AnnLVkN3Q5T2nfed8w=="
        }
    }
}
